
Microsoft Visual Studio Solution File, Format Version 12.00
# Visual Studio Version 16
VisualStudioVersion = 16.0.32002.261
MinimumVisualStudioVersion = 10.0.40219.1
Project("{FAE04EC0-301F-11D3-BF4B-00C04F79EFBC}") = "DogFoodCalculatorApp", "DogFoodCalculatorApp\DogFoodCalculatorApp.csproj", "{7ACD7779-FE98-4312-965D-98F50D2FDCE5}"
EndProject
Global
	GlobalSection(SolutionConfigurationPlatforms) = preSolution
		Debug|Any CPU = Debug|Any CPU
		Release|Any CPU = Release|Any CPU
	EndGlobalSection
	GlobalSection(ProjectConfigurationPlatforms) = postSolution
		{7ACD7779-FE98-4312-965D-98F50D2FDCE5}.Debug|Any CPU.ActiveCfg = Debug|Any CPU
		{7ACD7779-FE98-4312-965D-98F50D2FDCE5}.Debug|Any CPU.Build.0 = Debug|Any CPU
		{7ACD7779-FE98-4312-965D-98F50D2FDCE5}.Release|Any CPU.ActiveCfg = Release|Any CPU
		{7ACD7779-FE98-4312-965D-98F50D2FDCE5}.Release|Any CPU.Build.0 = Release|Any CPU
	EndGlobalSection
	GlobalSection(SolutionProperties) = preSolution
		HideSolutionNode = FALSE
	EndGlobalSection
	GlobalSection(ExtensibilityGlobals) = postSolution
		SolutionGuid = {84C79DCB-FD3D-4541-84A0-4B4603622EED}
	EndGlobalSection
EndGlobal
